
Microsoft Visual Studio Solution File, Format Version 12.00
# Visual Studio 15
VisualStudioVersion = 15.0.28307.168
MinimumVisualStudioVersion = 10.0.40219.1
Project("{FAE04EC0-301F-11D3-BF4B-00C04F79EFBC}") = "Xamarin_Employee.Android", "Xamarin-Employee\Xamarin-Employee.Android\Xamarin_Employee.Android.csproj", "{7BB7DF8A-938A-4B39-97B1-7062F4A93742}"
EndProject
Project("{FAE04EC0-301F-11D3-BF4B-00C04F79EFBC}") = "Xamarin_Employee.iOS", "Xamarin-Employee\Xamarin-Employee.iOS\Xamarin_Employee.iOS.csproj", "{DFA9BD26-DC14-4CC8-A8BF-0FA10DC89F87}"
EndProject
Project("{FAE04EC0-301F-11D3-BF4B-00C04F79EFBC}") = "Xamarin_Employee", "Xamarin-Employee\Xamarin-Employee\Xamarin_Employee.csproj", "{FE3EB830-D61D-4309-8852-66B2EDDFD583}"
EndProject
Global
	GlobalSection(SolutionConfigurationPlatforms) = preSolution
		Ad-Hoc|Any CPU = Ad-Hoc|Any CPU
		Ad-Hoc|iPhone = Ad-Hoc|iPhone
		Ad-Hoc|iPhoneSimulator = Ad-Hoc|iPhoneSimulator
		AppStore|Any CPU = AppStore|Any CPU
		AppStore|iPhone = AppStore|iPhone
		AppStore|iPhoneSimulator = AppStore|iPhoneSimulator
		Debug|Any CPU = Debug|Any CPU
		Debug|iPhone = Debug|iPhone
		Debug|iPhoneSimulator = Debug|iPhoneSimulator
		Release|Any CPU = Release|Any CPU
		Release|iPhone = Release|iPhone
		Release|iPhoneSimulator = Release|iPhoneSimulator
	EndGlobalSection
	GlobalSection(ProjectConfigurationPlatforms) = postSolution
		{7BB7DF8A-938A-4B39-97B1-7062F4A93742}.Ad-Hoc|Any CPU.ActiveCfg = Release|Any CPU
		{7BB7DF8A-938A-4B39-97B1-7062F4A93742}.Ad-Hoc|Any CPU.Build.0 = Release|Any CPU
		{7BB7DF8A-938A-4B39-97B1-7062F4A93742}.Ad-Hoc|Any CPU.Deploy.0 = Release|Any CPU
		{7BB7DF8A-938A-4B39-97B1-7062F4A93742}.Ad-Hoc|iPhone.ActiveCfg = Release|Any CPU
		{7BB7DF8A-938A-4B39-97B1-7062F4A93742}.Ad-Hoc|iPhone.Build.0 = Release|Any CPU
		{7BB7DF8A-938A-4B39-97B1-7062F4A93742}.Ad-Hoc|iPhone.Deploy.0 = Release|Any CPU
		{7BB7DF8A-938A-4B39-97B1-7062F4A93742}.Ad-Hoc|iPhoneSimulator.ActiveCfg = Release|Any CPU
		{7BB7DF8A-938A-4B39-97B1-7062F4A93742}.Ad-Hoc|iPhoneSimulator.Build.0 = Release|Any CPU
		{7BB7DF8A-938A-4B39-97B1-7062F4A93742}.Ad-Hoc|iPhoneSimulator.Deploy.0 = Release|Any CPU
		{7BB7DF8A-938A-4B39-97B1-7062F4A93742}.AppStore|Any CPU.ActiveCfg = Release|Any CPU
		{7BB7DF8A-938A-4B39-97B1-7062F4A93742}.AppStore|Any CPU.Build.0 = Release|Any CPU
		{7BB7DF8A-938A-4B39-97B1-7062F4A93742}.AppStore|Any CPU.Deploy.0 = Release|Any CPU
		{7BB7DF8A-938A-4B39-97B1-7062F4A93742}.AppStore|iPhone.ActiveCfg = Release|Any CPU
		{7BB7DF8A-938A-4B39-97B1-7062F4A93742}.AppStore|iPhone.Build.0 = Release|Any CPU
		{7BB7DF8A-938A-4B39-97B1-7062F4A93742}.AppStore|iPhone.Deploy.0 = Release|Any CPU
		{7BB7DF8A-938A-4B39-97B1-7062F4A93742}.AppStore|iPhoneSimulator.ActiveCfg = Release|Any CPU
		{7BB7DF8A-938A-4B39-97B1-7062F4A93742}.AppStore|iPhoneSimulator.Build.0 = Release|Any CPU
		{7BB7DF8A-938A-4B39-97B1-7062F4A93742}.AppStore|iPhoneSimulator.Deploy.0 = Release|Any CPU
		{7BB7DF8A-938A-4B39-97B1-7062F4A93742}.Debug|Any CPU.ActiveCfg = Debug|Any CPU
		{7BB7DF8A-938A-4B39-97B1-7062F4A93742}.Debug|Any CPU.Build.0 = Debug|Any CPU
		{7BB7DF8A-938A-4B39-97B1-7062F4A93742}.Debug|Any CPU.Deploy.0 = Debug|Any CPU
		{7BB7DF8A-938A-4B39-97B1-7062F4A93742}.Debug|iPhone.ActiveCfg = Debug|Any CPU
		{7BB7DF8A-938A-4B39-97B1-7062F4A93742}.Debug|iPhone.Build.0 = Debug|Any CPU
		{7BB7DF8A-938A-4B39-97B1-7062F4A93742}.Debug|iPhone.Deploy.0 = Debug|Any CPU
		{7BB7DF8A-938A-4B39-97B1-7062F4A93742}.Debug|iPhoneSimulator.ActiveCfg = Debug|Any CPU
		{7BB7DF8A-938A-4B39-97B1-7062F4A93742}.Debug|iPhoneSimulator.Build.0 = Debug|Any CPU
		{7BB7DF8A-938A-4B39-97B1-7062F4A93742}.Debug|iPhoneSimulator.Deploy.0 = Debug|Any CPU
		{7BB7DF8A-938A-4B39-97B1-7062F4A93742}.Release|Any CPU.ActiveCfg = Release|Any CPU
		{7BB7DF8A-938A-4B39-97B1-7062F4A93742}.Release|Any CPU.Build.0 = Release|Any CPU
		{7BB7DF8A-938A-4B39-97B1-7062F4A93742}.Release|Any CPU.Deploy.0 = Release|Any CPU
		{7BB7DF8A-938A-4B39-97B1-7062F4A93742}.Release|iPhone.ActiveCfg = Release|Any CPU
		{7BB7DF8A-938A-4B39-97B1-7062F4A93742}.Release|iPhone.Build.0 = Release|Any CPU
		{7BB7DF8A-938A-4B39-97B1-7062F4A93742}.Release|iPhone.Deploy.0 = Release|Any CPU
		{7BB7DF8A-938A-4B39-97B1-7062F4A93742}.Release|iPhoneSimulator.ActiveCfg = Release|Any CPU
		{7BB7DF8A-938A-4B39-97B1-7062F4A93742}.Release|iPhoneSimulator.Build.0 = Release|Any CPU
		{7BB7DF8A-938A-4B39-97B1-7062F4A93742}.Release|iPhoneSimulator.Deploy.0 = Release|Any CPU
		{DFA9BD26-DC14-4CC8-A8BF-0FA10DC89F87}.Ad-Hoc|Any CPU.ActiveCfg = Ad-Hoc|iPhone
		{DFA9BD26-DC14-4CC8-A8BF-0FA10DC89F87}.Ad-Hoc|Any CPU.Build.0 = Ad-Hoc|iPhone
		{DFA9BD26-DC14-4CC8-A8BF-0FA10DC89F87}.Ad-Hoc|Any CPU.Deploy.0 = Ad-Hoc|iPhone
		{DFA9BD26-DC14-4CC8-A8BF-0FA10DC89F87}.Ad-Hoc|iPhone.ActiveCfg = Ad-Hoc|iPhone
		{DFA9BD26-DC14-4CC8-A8BF-0FA10DC89F87}.Ad-Hoc|iPhone.Build.0 = Ad-Hoc|iPhone
		{DFA9BD26-DC14-4CC8-A8BF-0FA10DC89F87}.Ad-Hoc|iPhone.Deploy.0 = Ad-Hoc|iPhone
		{DFA9BD26-DC14-4CC8-A8BF-0FA10DC89F87}.Ad-Hoc|iPhoneSimulator.ActiveCfg = Ad-Hoc|iPhoneSimulator
		{DFA9BD26-DC14-4CC8-A8BF-0FA10DC89F87}.Ad-Hoc|iPhoneSimulator.Build.0 = Ad-Hoc|iPhoneSimulator
		{DFA9BD26-DC14-4CC8-A8BF-0FA10DC89F87}.Ad-Hoc|iPhoneSimulator.Deploy.0 = Ad-Hoc|iPhoneSimulator
		{DFA9BD26-DC14-4CC8-A8BF-0FA10DC89F87}.AppStore|Any CPU.ActiveCfg = AppStore|iPhone
		{DFA9BD26-DC14-4CC8-A8BF-0FA10DC89F87}.AppStore|Any CPU.Build.0 = AppStore|iPhone
		{DFA9BD26-DC14-4CC8-A8BF-0FA10DC89F87}.AppStore|Any CPU.Deploy.0 = AppStore|iPhone
		{DFA9BD26-DC14-4CC8-A8BF-0FA10DC89F87}.AppStore|iPhone.ActiveCfg = AppStore|iPhone
		{DFA9BD26-DC14-4CC8-A8BF-0FA10DC89F87}.AppStore|iPhone.Build.0 = AppStore|iPhone
		{DFA9BD26-DC14-4CC8-A8BF-0FA10DC89F87}.AppStore|iPhone.Deploy.0 = AppStore|iPhone
		{DFA9BD26-DC14-4CC8-A8BF-0FA10DC89F87}.AppStore|iPhoneSimulator.ActiveCfg = AppStore|iPhoneSimulator
		{DFA9BD26-DC14-4CC8-A8BF-0FA10DC89F87}.AppStore|iPhoneSimulator.Build.0 = AppStore|iPhoneSimulator
		{DFA9BD26-DC14-4CC8-A8BF-0FA10DC89F87}.AppStore|iPhoneSimulator.Deploy.0 = AppStore|iPhoneSimulator
		{DFA9BD26-DC14-4CC8-A8BF-0FA10DC89F87}.Debug|Any CPU.ActiveCfg = Debug|iPhoneSimulator
		{DFA9BD26-DC14-4CC8-A8BF-0FA10DC89F87}.Debug|Any CPU.Build.0 = Debug|iPhoneSimulator
		{DFA9BD26-DC14-4CC8-A8BF-0FA10DC89F87}.Debug|Any CPU.Deploy.0 = Debug|iPhoneSimulator
		{DFA9BD26-DC14-4CC8-A8BF-0FA10DC89F87}.Debug|iPhone.ActiveCfg = Debug|iPhone
		{DFA9BD26-DC14-4CC8-A8BF-0FA10DC89F87}.Debug|iPhone.Build.0 = Debug|iPhone
		{DFA9BD26-DC14-4CC8-A8BF-0FA10DC89F87}.Debug|iPhone.Deploy.0 = Debug|iPhone
		{DFA9BD26-DC14-4CC8-A8BF-0FA10DC89F87}.Debug|iPhoneSimulator.ActiveCfg = Debug|iPhoneSimulator
		{DFA9BD26-DC14-4CC8-A8BF-0FA10DC89F87}.Debug|iPhoneSimulator.Build.0 = Debug|iPhoneSimulator
		{DFA9BD26-DC14-4CC8-A8BF-0FA10DC89F87}.Debug|iPhoneSimulator.Deploy.0 = Debug|iPhoneSimulator
		{DFA9BD26-DC14-4CC8-A8BF-0FA10DC89F87}.Release|Any CPU.ActiveCfg = Release|iPhone
		{DFA9BD26-DC14-4CC8-A8BF-0FA10DC89F87}.Release|Any CPU.Build.0 = Release|iPhone
		{DFA9BD26-DC14-4CC8-A8BF-0FA10DC89F87}.Release|Any CPU.Deploy.0 = Release|iPhone
		{DFA9BD26-DC14-4CC8-A8BF-0FA10DC89F87}.Release|iPhone.ActiveCfg = Release|iPhone
		{DFA9BD26-DC14-4CC8-A8BF-0FA10DC89F87}.Release|iPhone.Build.0 = Release|iPhone
		{DFA9BD26-DC14-4CC8-A8BF-0FA10DC89F87}.Release|iPhone.Deploy.0 = Release|iPhone
		{DFA9BD26-DC14-4CC8-A8BF-0FA10DC89F87}.Release|iPhoneSimulator.ActiveCfg = Release|iPhoneSimulator
		{DFA9BD26-DC14-4CC8-A8BF-0FA10DC89F87}.Release|iPhoneSimulator.Build.0 = Release|iPhoneSimulator
		{DFA9BD26-DC14-4CC8-A8BF-0FA10DC89F87}.Release|iPhoneSimulator.Deploy.0 = Release|iPhoneSimulator
		{FE3EB830-D61D-4309-8852-66B2EDDFD583}.Ad-Hoc|Any CPU.ActiveCfg = Debug|Any CPU
		{FE3EB830-D61D-4309-8852-66B2EDDFD583}.Ad-Hoc|Any CPU.Build.0 = Debug|Any CPU
		{FE3EB830-D61D-4309-8852-66B2EDDFD583}.Ad-Hoc|Any CPU.Deploy.0 = Debug|Any CPU
		{FE3EB830-D61D-4309-8852-66B2EDDFD583}.Ad-Hoc|iPhone.ActiveCfg = Debug|Any CPU
		{FE3EB830-D61D-4309-8852-66B2EDDFD583}.Ad-Hoc|iPhone.Build.0 = Debug|Any CPU
		{FE3EB830-D61D-4309-8852-66B2EDDFD583}.Ad-Hoc|iPhone.Deploy.0 = Debug|Any CPU
		{FE3EB830-D61D-4309-8852-66B2EDDFD583}.Ad-Hoc|iPhoneSimulator.ActiveCfg = Debug|Any CPU
		{FE3EB830-D61D-4309-8852-66B2EDDFD583}.Ad-Hoc|iPhoneSimulator.Build.0 = Debug|Any CPU
		{FE3EB830-D61D-4309-8852-66B2EDDFD583}.Ad-Hoc|iPhoneSimulator.Deploy.0 = Debug|Any CPU
		{FE3EB830-D61D-4309-8852-66B2EDDFD583}.AppStore|Any CPU.ActiveCfg = Debug|Any CPU
		{FE3EB830-D61D-4309-8852-66B2EDDFD583}.AppStore|Any CPU.Build.0 = Debug|Any CPU
		{FE3EB830-D61D-4309-8852-66B2EDDFD583}.AppStore|Any CPU.Deploy.0 = Debug|Any CPU
		{FE3EB830-D61D-4309-8852-66B2EDDFD583}.AppStore|iPhone.ActiveCfg = Debug|Any CPU
		{FE3EB830-D61D-4309-8852-66B2EDDFD583}.AppStore|iPhone.Build.0 = Debug|Any CPU
		{FE3EB830-D61D-4309-8852-66B2EDDFD583}.AppStore|iPhone.Deploy.0 = Debug|Any CPU
		{FE3EB830-D61D-4309-8852-66B2EDDFD583}.AppStore|iPhoneSimulator.ActiveCfg = Debug|Any CPU
		{FE3EB830-D61D-4309-8852-66B2EDDFD583}.AppStore|iPhoneSimulator.Build.0 = Debug|Any CPU
		{FE3EB830-D61D-4309-8852-66B2EDDFD583}.AppStore|iPhoneSimulator.Deploy.0 = Debug|Any CPU
		{FE3EB830-D61D-4309-8852-66B2EDDFD583}.Debug|Any CPU.ActiveCfg = Debug|Any CPU
		{FE3EB830-D61D-4309-8852-66B2EDDFD583}.Debug|Any CPU.Build.0 = Debug|Any CPU
		{FE3EB830-D61D-4309-8852-66B2EDDFD583}.Debug|Any CPU.Deploy.0 = Debug|Any CPU
		{FE3EB830-D61D-4309-8852-66B2EDDFD583}.Debug|iPhone.ActiveCfg = Debug|Any CPU
		{FE3EB830-D61D-4309-8852-66B2EDDFD583}.Debug|iPhone.Build.0 = Debug|Any CPU
		{FE3EB830-D61D-4309-8852-66B2EDDFD583}.Debug|iPhone.Deploy.0 = Debug|Any CPU
		{FE3EB830-D61D-4309-8852-66B2EDDFD583}.Debug|iPhoneSimulator.ActiveCfg = Debug|Any CPU
		{FE3EB830-D61D-4309-8852-66B2EDDFD583}.Debug|iPhoneSimulator.Build.0 = Debug|Any CPU
		{FE3EB830-D61D-4309-8852-66B2EDDFD583}.Debug|iPhoneSimulator.Deploy.0 = Debug|Any CPU
		{FE3EB830-D61D-4309-8852-66B2EDDFD583}.Release|Any CPU.ActiveCfg = Release|Any CPU
		{FE3EB830-D61D-4309-8852-66B2EDDFD583}.Release|Any CPU.Build.0 = Release|Any CPU
		{FE3EB830-D61D-4309-8852-66B2EDDFD583}.Release|Any CPU.Deploy.0 = Release|Any CPU
		{FE3EB830-D61D-4309-8852-66B2EDDFD583}.Release|iPhone.ActiveCfg = Release|Any CPU
		{FE3EB830-D61D-4309-8852-66B2EDDFD583}.Release|iPhone.Build.0 = Release|Any CPU
		{FE3EB830-D61D-4309-8852-66B2EDDFD583}.Release|iPhone.Deploy.0 = Release|Any CPU
		{FE3EB830-D61D-4309-8852-66B2EDDFD583}.Release|iPhoneSimulator.ActiveCfg = Release|Any CPU
		{FE3EB830-D61D-4309-8852-66B2EDDFD583}.Release|iPhoneSimulator.Build.0 = Release|Any CPU
		{FE3EB830-D61D-4309-8852-66B2EDDFD583}.Release|iPhoneSimulator.Deploy.0 = Release|Any CPU
	EndGlobalSection
	GlobalSection(SolutionProperties) = preSolution
		HideSolutionNode = FALSE
	EndGlobalSection
	GlobalSection(ExtensibilityGlobals) = postSolution
		SolutionGuid = {B5E26901-390B-4901-9C7F-2E1156B3C804}
	EndGlobalSection
EndGlobal
